
Microsoft Visual Studio Solution File, Format Version 12.00
# Visual Studio Version 17
VisualStudioVersion = 17.2.32616.157
MinimumVisualStudioVersion = 10.0.40219.1
Project("{9A19103F-16F7-4668-BE54-9A1E7A4F7556}") = "Array_Collection", "Array_Collection.csproj", "{B4AFC7B9-3CEC-4A0B-B06E-080D67E32AA2}"
EndProject
Global
	GlobalSection(SolutionConfigurationPlatforms) = preSolution
		Debug|Any CPU = Debug|Any CPU
		Release|Any CPU = Release|Any CPU
	EndGlobalSection
	GlobalSection(ProjectConfigurationPlatforms) = postSolution
		{B4AFC7B9-3CEC-4A0B-B06E-080D67E32AA2}.Debug|Any CPU.ActiveCfg = Debug|Any CPU
		{B4AFC7B9-3CEC-4A0B-B06E-080D67E32AA2}.Debug|Any CPU.Build.0 = Debug|Any CPU
		{B4AFC7B9-3CEC-4A0B-B06E-080D67E32AA2}.Release|Any CPU.ActiveCfg = Release|Any CPU
		{B4AFC7B9-3CEC-4A0B-B06E-080D67E32AA2}.Release|Any CPU.Build.0 = Release|Any CPU
	EndGlobalSection
	GlobalSection(SolutionProperties) = preSolution
		HideSolutionNode = FALSE
	EndGlobalSection
	GlobalSection(ExtensibilityGlobals) = postSolution
		SolutionGuid = {B3418D8D-C8CA-4EC0-8D53-3AC1B99B1440}
	EndGlobalSection
EndGlobal
